// !$*UTF8*$!
{
	archiveVersion = 1;
	classes = {
	};
	objectVersion = 46;
	objects = {

/* Begin PBXBuildFile section */
		3DE88FCA1CE3C2BD002DF8AB /* main.m in Sources */ = {isa = PBXBuildFile; fileRef = 3DE88FC91CE3C2BD002DF8AB /* main.m */; };
		3DE88FCD1CE3C2BD002DF8AB /* AppDelegate.m in Sources */ = {isa = PBXBuildFile; fileRef = 3DE88FCC1CE3C2BD002DF8AB /* AppDelegate.m */; };
		3DE88FD01CE3C2BD002DF8AB /* GameScene.m in Sources */ = {isa = PBXBuildFile; fileRef = 3DE88FCF1CE3C2BD002DF8AB /* GameScene.m */; };
		3DE88FD21CE3C2BD002DF8AB /* GameScene.sks in Resources */ = {isa = PBXBuildFile; fileRef = 3DE88FD11CE3C2BD002DF8AB /* GameScene.sks */; };
		3DE88FD51CE3C2BD002DF8AB /* GameViewController.m in Sources */ = {isa = PBXBuildFile; fileRef = 3DE88FD41CE3C2BD002DF8AB /* GameViewController.m */; };
		3DE88FD81CE3C2BD002DF8AB /* Main.storyboard in Resources */ = {isa = PBXBuildFile; fileRef = 3DE88FD61CE3C2BD002DF8AB /* Main.storyboard */; };
		3DE88FDA1CE3C2BD002DF8AB /* Assets.xcassets in Resources */ = {isa = PBXBuildFile; fileRef = 3DE88FD91CE3C2BD002DF8AB /* Assets.xcassets */; };
		3DE88FDD1CE3C2BD002DF8AB /* LaunchScreen.storyboard in Resources */ = {isa = PBXBuildFile; fileRef = 3DE88FDB1CE3C2BD002DF8AB /* LaunchScreen.storyboard */; };
		3DE88FE81CE3C2BD002DF8AB /* _carsTests.m in Sources */ = {isa = PBXBuildFile; fileRef = 3DE88FE71CE3C2BD002DF8AB /* _carsTests.m */; };
		3DE88FF31CE3C2BD002DF8AB /* _carsUITests.m in Sources */ = {isa = PBXBuildFile; fileRef = 3DE88FF21CE3C2BD002DF8AB /* _carsUITests.m */; };
		3DEF7AA71CE3EBB000150FFB /* square.png in Resources */ = {isa = PBXBuildFile; fileRef = 3DEF7AA61CE3EBB000150FFB /* square.png */; };
/* End PBXBuildFile section */

/* Begin PBXContainerItemProxy section */
		3DE88FE41CE3C2BD002DF8AB /* PBXContainerItemProxy */ = {
			isa = PBXContainerItemProxy;
			containerPortal = 3DE88FBD1CE3C2BD002DF8AB /* Project object */;
			proxyType = 1;
			remoteGlobalIDString = 3DE88FC41CE3C2BD002DF8AB;
			remoteInfo = 2cars;
		};
		3DE88FEF1CE3C2BD002DF8AB /* PBXContainerItemProxy */ = {
			isa = PBXContainerItemProxy;
			containerPortal = 3DE88FBD1CE3C2BD002DF8AB /* Project object */;
			proxyType = 1;
			remoteGlobalIDString = 3DE88FC41CE3C2BD002DF8AB;
			remoteInfo = 2cars;
		};
/* End PBXContainerItemProxy section */

/* Begin PBXFileReference section */
		3DE88FC51CE3C2BD002DF8AB /* 2cars.app */ = {isa = PBXFileReference; explicitFileType = wrapper.application; includeInIndex = 0; path = 2cars.app; sourceTree = BUILT_PRODUCTS_DIR; };
		3DE88FC91CE3C2BD002DF8AB /* main.m */ = {isa = PBXFileReference; lastKnownFileType = sourcecode.c.objc; path = main.m; sourceTree = "<group>"; };
		3DE88FCB1CE3C2BD002DF8AB /* AppDelegate.h */ = {isa = PBXFileReference; lastKnownFileType = sourcecode.c.h; path = AppDelegate.h; sourceTree = "<group>"; };
		3DE88FCC1CE3C2BD002DF8AB /* AppDelegate.m */ = {isa = PBXFileReference; lastKnownFileType = sourcecode.c.objc; path = AppDelegate.m; sourceTree = "<group>"; };
		3DE88FCE1CE3C2BD002DF8AB /* GameScene.h */ = {isa = PBXFileReference; lastKnownFileType = sourcecode.c.h; path = GameScene.h; sourceTree = "<group>"; };
		3DE88FCF1CE3C2BD002DF8AB /* GameScene.m */ = {isa = PBXFileReference; lastKnownFileType = sourcecode.c.objc; path = GameScene.m; sourceTree = "<group>"; };
		3DE88FD11CE3C2BD002DF8AB /* GameScene.sks */ = {isa = PBXFileReference; lastKnownFileType = file.sks; path = GameScene.sks; sourceTree = "<group>"; };
		3DE88FD31CE3C2BD002DF8AB /* GameViewController.h */ = {isa = PBXFileReference; lastKnownFileType = sourcecode.c.h; path = GameViewController.h; sourceTree = "<group>"; };
		3DE88FD41CE3C2BD002DF8AB /* GameViewController.m */ = {isa = PBXFileReference; lastKnownFileType = sourcecode.c.objc; path = GameViewController.m; sourceTree = "<group>"; };
		3DE88FD71CE3C2BD002DF8AB /* Base */ = {isa = PBXFileReference; lastKnownFileType = file.storyboard; name = Base; path = Base.lproj/Main.storyboard; sourceTree = "<group>"; };
		3DE88FD91CE3C2BD002DF8AB /* Assets.xcassets */ = {isa = PBXFileReference; lastKnownFileType = folder.assetcatalog; path = Assets.xcassets; sourceTree = "<group>"; };
		3DE88FDC1CE3C2BD002DF8AB /* Base */ = {isa = PBXFileReference; lastKnownFileType = file.storyboard; name = Base; path = Base.lproj/LaunchScreen.storyboard; sourceTree = "<group>"; };
		3DE88FDE1CE3C2BD002DF8AB /* Info.plist */ = {isa = PBXFileReference; lastKnownFileType = text.plist.xml; path = Info.plist; sourceTree = "<group>"; };
		3DE88FE31CE3C2BD002DF8AB /* 2carsTests.xctest */ = {isa = PBXFileReference; explicitFileType = wrapper.cfbundle; includeInIndex = 0; path = 2carsTests.xctest; sourceTree = BUILT_PRODUCTS_DIR; };
		3DE88FE71CE3C2BD002DF8AB /* _carsTests.m */ = {isa = PBXFileReference; lastKnownFileType = sourcecode.c.objc; path = _carsTests.m; sourceTree = "<group>"; };
		3DE88FE91CE3C2BD002DF8AB /* Info.plist */ = {isa = PBXFileReference; lastKnownFileType = text.plist.xml; path = Info.plist; sourceTree = "<group>"; };
		3DE88FEE1CE3C2BD002DF8AB /* 2carsUITests.xctest */ = {isa = PBXFileReference; explicitFileType = wrapper.cfbundle; includeInIndex = 0; path = 2carsUITests.xctest; sourceTree = BUILT_PRODUCTS_DIR; };
		3DE88FF21CE3C2BD002DF8AB /* _carsUITests.m */ = {isa = PBXFileReference; lastKnownFileType = sourcecode.c.objc; path = _carsUITests.m; sourceTree = "<group>"; };
		3DE88FF41CE3C2BD002DF8AB /* Info.plist */ = {isa = PBXFileReference; lastKnownFileType = text.plist.xml; path = Info.plist; sourceTree = "<group>"; };
		3DEF7AA61CE3EBB000150FFB /* square.png */ = {isa = PBXFileReference; lastKnownFileType = image.png; path = square.png; sourceTree = SOURCE_ROOT; };
/* End PBXFileReference section */

/* Begin PBXFrameworksBuildPhase section */
		3DE88FC21CE3C2BD002DF8AB /* Frameworks */ = {
			isa = PBXFrameworksBuildPhase;
			buildActionMask = 2147483647;
			files = (
			);
			runOnlyForDeploymentPostprocessing = 0;
		};
		3DE88FE01CE3C2BD002DF8AB /* Frameworks */ = {
			isa = PBXFrameworksBuildPhase;
			buildActionMask = 2147483647;
			files = (
			);
			runOnlyForDeploymentPostprocessing = 0;
		};
		3DE88FEB1CE3C2BD002DF8AB /* Frameworks */ = {
			isa = PBXFrameworksBuildPhase;
			buildActionMask = 2147483647;
			files = (
			);
			runOnlyForDeploymentPostprocessing = 0;
		};
/* End PBXFrameworksBuildPhase section */

/* Begin PBXGroup section */
		3DE88FBC1CE3C2BD002DF8AB = {
			isa = PBXGroup;
			children = (
				3DE88FC71CE3C2BD002DF8AB /* 2cars */,
				3DE88FE61CE3C2BD002DF8AB /* 2carsTests */,
				3DE88FF11CE3C2BD002DF8AB /* 2carsUITests */,
				3DE88FC61CE3C2BD002DF8AB /* Products */,
			);
			sourceTree = "<group>";
		};
		3DE88FC61CE3C2BD002DF8AB /* Products */ = {
			isa = PBXGroup;
			children = (
				3DE88FC51CE3C2BD002DF8AB /* 2cars.app */,
				3DE88FE31CE3C2BD002DF8AB /* 2carsTests.xctest */,
				3DE88FEE1CE3C2BD002DF8AB /* 2carsUITests.xctest */,
			);
			name = Products;
			sourceTree = "<group>";
		};
		3DE88FC71CE3C2BD002DF8AB /* 2cars */ = {
			isa = PBXGroup;
			children = (
				3DEF7AA61CE3EBB000150FFB /* square.png */,
				3DE88FCB1CE3C2BD002DF8AB /* AppDelegate.h */,
				3DE88FCC1CE3C2BD002DF8AB /* AppDelegate.m */,
				3DE88FCE1CE3C2BD002DF8AB /* GameScene.h */,
				3DE88FCF1CE3C2BD002DF8AB /* GameScene.m */,
				3DE88FD11CE3C2BD002DF8AB /* GameScene.sks */,
				3DE88FD31CE3C2BD002DF8AB /* GameViewController.h */,
				3DE88FD41CE3C2BD002DF8AB /* GameViewController.m */,
				3DE88FD61CE3C2BD002DF8AB /* Main.storyboard */,
				3DE88FD91CE3C2BD002DF8AB /* Assets.xcassets */,
				3DE88FDB1CE3C2BD002DF8AB /* LaunchScreen.storyboard */,
				3DE88FDE1CE3C2BD002DF8AB /* Info.plist */,
				3DE88FC81CE3C2BD002DF8AB /* Supporting Files */,
			);
			path = 2cars;
			sourceTree = "<group>";
		};
		3DE88FC81CE3C2BD002DF8AB /* Supporting Files */ = {
			isa = PBXGroup;
			children = (
				3DE88FC91CE3C2BD002DF8AB /* main.m */,
			);
			name = "Supporting Files";
			sourceTree = "<group>";
		};
		3DE88FE61CE3C2BD002DF8AB /* 2carsTests */ = {
			isa = PBXGroup;
			children = (
				3DE88FE71CE3C2BD002DF8AB /* _carsTests.m */,
				3DE88FE91CE3C2BD002DF8AB /* Info.plist */,
			);
			path = 2carsTests;
			sourceTree = "<group>";
		};
		3DE88FF11CE3C2BD002DF8AB /* 2carsUITests */ = {
			isa = PBXGroup;
			children = (
				3DE88FF21CE3C2BD002DF8AB /* _carsUITests.m */,
				3DE88FF41CE3C2BD002DF8AB /* Info.plist */,
			);
			path = 2carsUITests;
			sourceTree = "<group>";
		};
/* End PBXGroup section */

/* Begin PBXNativeTarget section */
		3DE88FC41CE3C2BD002DF8AB /* 2cars */ = {
			isa = PBXNativeTarget;
			buildConfigurationList = 3DE88FF71CE3C2BD002DF8AB /* Build configuration list for PBXNativeTarget "2cars" */;
			buildPhases = (
				3DE88FC11CE3C2BD002DF8AB /* Sources */,
				3DE88FC21CE3C2BD002DF8AB /* Frameworks */,
				3DE88FC31CE3C2BD002DF8AB /* Resources */,
			);
			buildRules = (
			);
			dependencies = (
			);
			name = 2cars;
			productName = 2cars;
			productReference = 3DE88FC51CE3C2BD002DF8AB /* 2cars.app */;
			productType = "com.apple.product-type.application";
		};
		3DE88FE21CE3C2BD002DF8AB /* 2carsTests */ = {
			isa = PBXNativeTarget;
			buildConfigurationList = 3DE88FFA1CE3C2BD002DF8AB /* Build configuration list for PBXNativeTarget "2carsTests" */;
			buildPhases = (
				3DE88FDF1CE3C2BD002DF8AB /* Sources */,
				3DE88FE01CE3C2BD002DF8AB /* Frameworks */,
				3DE88FE11CE3C2BD002DF8AB /* Resources */,
			);
			buildRules = (
			);
			dependencies = (
				3DE88FE51CE3C2BD002DF8AB /* PBXTargetDependency */,
			);
			name = 2carsTests;
			productName = 2carsTests;
			productReference = 3DE88FE31CE3C2BD002DF8AB /* 2carsTests.xctest */;
			productType = "com.apple.product-type.bundle.unit-test";
		};
		3DE88FED1CE3C2BD002DF8AB /* 2carsUITests */ = {
			isa = PBXNativeTarget;
			buildConfigurationList = 3DE88FFD1CE3C2BD002DF8AB /* Build configuration list for PBXNativeTarget "2carsUITests" */;
			buildPhases = (
				3DE88FEA1CE3C2BD002DF8AB /* Sources */,
				3DE88FEB1CE3C2BD002DF8AB /* Frameworks */,
				3DE88FEC1CE3C2BD002DF8AB /* Resources */,
			);
			buildRules = (
			);
			dependencies = (
				3DE88FF01CE3C2BD002DF8AB /* PBXTargetDependency */,
			);
			name = 2carsUITests;
			productName = 2carsUITests;
			productReference = 3DE88FEE1CE3C2BD002DF8AB /* 2carsUITests.xctest */;
			productType = "com.apple.product-type.bundle.ui-testing";
		};
/* End PBXNativeTarget section */

/* Begin PBXProject section */
		3DE88FBD1CE3C2BD002DF8AB /* Project object */ = {
			isa = PBXProject;
			attributes = {
				LastUpgradeCheck = 0710;
				ORGANIZATIONNAME = "Pranav Bhandari";
				TargetAttributes = {
					3DE88FC41CE3C2BD002DF8AB = {
						CreatedOnToolsVersion = 7.1.1;
					};
					3DE88FE21CE3C2BD002DF8AB = {
						CreatedOnToolsVersion = 7.1.1;
						TestTargetID = 3DE88FC41CE3C2BD002DF8AB;
					};
					3DE88FED1CE3C2BD002DF8AB = {
						CreatedOnToolsVersion = 7.1.1;
						TestTargetID = 3DE88FC41CE3C2BD002DF8AB;
					};
				};
			};
			buildConfigurationList = 3DE88FC01CE3C2BD002DF8AB /* Build configuration list for PBXProject "2cars" */;
			compatibilityVersion = "Xcode 3.2";
			developmentRegion = English;
			hasScannedForEncodings = 0;
			knownRegions = (
				en,
				Base,
			);
			mainGroup = 3DE88FBC1CE3C2BD002DF8AB;
			productRefGroup = 3DE88FC61CE3C2BD002DF8AB /* Products */;
			projectDirPath = "";
			projectRoot = "";
			targets = (
				3DE88FC41CE3C2BD002DF8AB /* 2cars */,
				3DE88FE21CE3C2BD002DF8AB /* 2carsTests */,
				3DE88FED1CE3C2BD002DF8AB /* 2carsUITests */,
			);
		};
/* End PBXProject section */

/* Begin PBXResourcesBuildPhase section */
		3DE88FC31CE3C2BD002DF8AB /* Resources */ = {
			isa = PBXResourcesBuildPhase;
			buildActionMask = 2147483647;
			files = (
				3DE88FD21CE3C2BD002DF8AB /* GameScene.sks in Resources */,
				3DE88FDD1CE3C2BD002DF8AB /* LaunchScreen.storyboard in Resources */,
				3DEF7AA71CE3EBB000150FFB /* square.png in Resources */,
				3DE88FDA1CE3C2BD002DF8AB /* Assets.xcassets in Resources */,
				3DE88FD81CE3C2BD002DF8AB /* Main.storyboard in Resources */,
			);
			runOnlyForDeploymentPostprocessing = 0;
		};
		3DE88FE11CE3C2BD002DF8AB /* Resources */ = {
			isa = PBXResourcesBuildPhase;
			buildActionMask = 2147483647;
			files = (
			);
			runOnlyForDeploymentPostprocessing = 0;
		};
		3DE88FEC1CE3C2BD002DF8AB /* Resources */ = {
			isa = PBXResourcesBuildPhase;
			buildActionMask = 2147483647;
			files = (
			);
			runOnlyForDeploymentPostprocessing = 0;
		};
/* End PBXResourcesBuildPhase section */

/* Begin PBXSourcesBuildPhase section */
		3DE88FC11CE3C2BD002DF8AB /* Sources */ = {
			isa = PBXSourcesBuildPhase;
			buildActionMask = 2147483647;
			files = (
				3DE88FD51CE3C2BD002DF8AB /* GameViewController.m in Sources */,
				3DE88FCD1CE3C2BD002DF8AB /* AppDelegate.m in Sources */,
				3DE88FD01CE3C2BD002DF8AB /* GameScene.m in Sources */,
				3DE88FCA1CE3C2BD002DF8AB /* main.m in Sources */,
			);
			runOnlyForDeploymentPostprocessing = 0;
		};
		3DE88FDF1CE3C2BD002DF8AB /* Sources */ = {
			isa = PBXSourcesBuildPhase;
			buildActionMask = 2147483647;
			files = (
				3DE88FE81CE3C2BD002DF8AB /* _carsTests.m in Sources */,
			);
			runOnlyForDeploymentPostprocessing = 0;
		};
		3DE88FEA1CE3C2BD002DF8AB /* Sources */ = {
			isa = PBXSourcesBuildPhase;
			buildActionMask = 2147483647;
			files = (
				3DE88FF31CE3C2BD002DF8AB /* _carsUITests.m in Sources */,
			);
			runOnlyForDeploymentPostprocessing = 0;
		};
/* End PBXSourcesBuildPhase section */

/* Begin PBXTargetDependency section */
		3DE88FE51CE3C2BD002DF8AB /* PBXTargetDependency */ = {
			isa = PBXTargetDependency;
			target = 3DE88FC41CE3C2BD002DF8AB /* 2cars */;
			targetProxy = 3DE88FE41CE3C2BD002DF8AB /* PBXContainerItemProxy */;
		};
		3DE88FF01CE3C2BD002DF8AB /* PBXTargetDependency */ = {
			isa = PBXTargetDependency;
			target = 3DE88FC41CE3C2BD002DF8AB /* 2cars */;
			targetProxy = 3DE88FEF1CE3C2BD002DF8AB /* PBXContainerItemProxy */;
		};
/* End PBXTargetDependency section */

/* Begin PBXVariantGroup section */
		3DE88FD61CE3C2BD002DF8AB /* Main.storyboard */ = {
			isa = PBXVariantGroup;
			children = (
				3DE88FD71CE3C2BD002DF8AB /* Base */,
			);
			name = Main.storyboard;
			sourceTree = "<group>";
		};
		3DE88FDB1CE3C2BD002DF8AB /* LaunchScreen.storyboard */ = {
			isa = PBXVariantGroup;
			children = (
				3DE88FDC1CE3C2BD002DF8AB /* Base */,
			);
			name = LaunchScreen.storyboard;
			sourceTree = "<group>";
		};
/* End PBXVariantGroup section */

/* Begin XCBuildConfiguration section */
		3DE88FF51CE3C2BD002DF8AB /* Debug */ = {
			isa = XCBuildConfiguration;
			buildSettings = {
				ALWAYS_SEARCH_USER_PATHS = NO;
				CLANG_CXX_LANGUAGE_STANDARD = "gnu++0x";
				CLANG_CXX_LIBRARY = "libc++";
				CLANG_ENABLE_MODULES = YES;
				CLANG_ENABLE_OBJC_ARC = YES;
				CLANG_WARN_BOOL_CONVERSION = YES;
				CLANG_WARN_CONSTANT_CONVERSION = YES;
				CLANG_WARN_DIRECT_OBJC_ISA_USAGE = YES_ERROR;
				CLANG_WARN_EMPTY_BODY = YES;
				CLANG_WARN_ENUM_CONVERSION = YES;
				CLANG_WARN_INT_CONVERSION = YES;
				CLANG_WARN_OBJC_ROOT_CLASS = YES_ERROR;
				CLANG_WARN_UNREACHABLE_CODE = YES;
				CLANG_WARN__DUPLICATE_METHOD_MATCH = YES;
				"CODE_SIGN_IDENTITY[sdk=iphoneos*]" = "iPhone Developer";
				COPY_PHASE_STRIP = NO;
				DEBUG_INFORMATION_FORMAT = "dwarf-with-dsym";
				ENABLE_STRICT_OBJC_MSGSEND = YES;
				ENABLE_TESTABILITY = YES;
				GCC_C_LANGUAGE_STANDARD = gnu99;
				GCC_DYNAMIC_NO_PIC = NO;
				GCC_NO_COMMON_BLOCKS = YES;
				GCC_OPTIMIZATION_LEVEL = 0;
				GCC_PREPROCESSOR_DEFINITIONS = (
					"DEBUG=1",
					"$(inherited)",
				);
				GCC_WARN_64_TO_32_BIT_CONVERSION = YES;
				GCC_WARN_ABOUT_RETURN_TYPE = YES_ERROR;
				GCC_WARN_UNDECLARED_SELECTOR = YES;
				GCC_WARN_UNINITIALIZED_AUTOS = YES_AGGRESSIVE;
				GCC_WARN_UNUSED_FUNCTION = YES;
				GCC_WARN_UNUSED_VARIABLE = YES;
				IPHONEOS_DEPLOYMENT_TARGET = 9.1;
				MTL_ENABLE_DEBUG_INFO = YES;
				ONLY_ACTIVE_ARCH = YES;
				SDKROOT = iphoneos;
			};
			name = Debug;
		};
		3DE88FF61CE3C2BD002DF8AB /* Release */ = {
			isa = XCBuildConfiguration;
			buildSettings = {
				ALWAYS_SEARCH_USER_PATHS = NO;
				CLANG_CXX_LANGUAGE_STANDARD = "gnu++0x";
				CLANG_CXX_LIBRARY = "libc++";
				CLANG_ENABLE_MODULES = YES;
				CLANG_ENABLE_OBJC_ARC = YES;
				CLANG_WARN_BOOL_CONVERSION = YES;
				CLANG_WARN_CONSTANT_CONVERSION = YES;
				CLANG_WARN_DIRECT_OBJC_ISA_USAGE = YES_ERROR;
				CLANG_WARN_EMPTY_BODY = YES;
				CLANG_WARN_ENUM_CONVERSION = YES;
				CLANG_WARN_INT_CONVERSION = YES;
				CLANG_WARN_OBJC_ROOT_CLASS = YES_ERROR;
				CLANG_WARN_UNREACHABLE_CODE = YES;
				CLANG_WARN__DUPLICATE_METHOD_MATCH = YES;
				"CODE_SIGN_IDENTITY[sdk=iphoneos*]" = "iPhone Developer";
				COPY_PHASE_STRIP = NO;
				DEBUG_INFORMATION_FORMAT = "dwarf-with-dsym";
				ENABLE_NS_ASSERTIONS = NO;
				ENABLE_STRICT_OBJC_MSGSEND = YES;
				GCC_C_LANGUAGE_STANDARD = gnu99;
				GCC_NO_COMMON_BLOCKS = YES;
				GCC_WARN_64_TO_32_BIT_CONVERSION = YES;
				GCC_WARN_ABOUT_RETURN_TYPE = YES_ERROR;
				GCC_WARN_UNDECLARED_SELECTOR = YES;
				GCC_WARN_UNINITIALIZED_AUTOS = YES_AGGRESSIVE;
				GCC_WARN_UNUSED_FUNCTION = YES;
				GCC_WARN_UNUSED_VARIABLE = YES;
				IPHONEOS_DEPLOYMENT_TARGET = 9.1;
				MTL_ENABLE_DEBUG_INFO = NO;
				SDKROOT = iphoneos;
				VALIDATE_PRODUCT = YES;
			};
			name = Release;
		};
		3DE88FF81CE3C2BD002DF8AB /* Debug */ = {
			isa = XCBuildConfiguration;
			buildSettings = {
				ASSETCATALOG_COMPILER_APPICON_NAME = AppIcon;
				INFOPLIST_FILE = 2cars/Info.plist;
				LD_RUNPATH_SEARCH_PATHS = "$(inherited) @executable_path/Frameworks";
				PRODUCT_BUNDLE_IDENTIFIER = "com.pranav.-cars";
				PRODUCT_NAME = "$(TARGET_NAME)";
			};
			name = Debug;
		};
		3DE88FF91CE3C2BD002DF8AB /* Release */ = {
			isa = XCBuildConfiguration;
			buildSettings = {
				ASSETCATALOG_COMPILER_APPICON_NAME = AppIcon;
				INFOPLIST_FILE = 2cars/Info.plist;
				LD_RUNPATH_SEARCH_PATHS = "$(inherited) @executable_path/Frameworks";
				PRODUCT_BUNDLE_IDENTIFIER = "com.pranav.-cars";
				PRODUCT_NAME = "$(TARGET_NAME)";
			};
			name = Release;
		};
		3DE88FFB1CE3C2BD002DF8AB /* Debug */ = {
			isa = XCBuildConfiguration;
			buildSettings = {
				BUNDLE_LOADER = "$(TEST_HOST)";
				DEBUG_INFORMATION_FORMAT = dwarf;
				INFOPLIST_FILE = 2carsTests/Info.plist;
				LD_RUNPATH_SEARCH_PATHS = "$(inherited) @executable_path/Frameworks @loader_path/Frameworks";
				PRODUCT_BUNDLE_IDENTIFIER = "com.pranav.-carsTests";
				PRODUCT_NAME = "$(TARGET_NAME)";
				TEST_HOST = "$(BUILT_PRODUCTS_DIR)/2cars.app/2cars";
			};
			name = Debug;
		};
		3DE88FFC1CE3C2BD002DF8AB /* Release */ = {
			isa = XCBuildConfiguration;
			buildSettings = {
				BUNDLE_LOADER = "$(TEST_HOST)";
				INFOPLIST_FILE = 2carsTests/Info.plist;
				LD_RUNPATH_SEARCH_PATHS = "$(inherited) @executable_path/Frameworks @loader_path/Frameworks";
				PRODUCT_BUNDLE_IDENTIFIER = "com.pranav.-carsTests";
				PRODUCT_NAME = "$(TARGET_NAME)";
				TEST_HOST = "$(BUILT_PRODUCTS_DIR)/2cars.app/2cars";
			};
			name = Release;
		};
		3DE88FFE1CE3C2BD002DF8AB /* Debug */ = {
			isa = XCBuildConfiguration;
			buildSettings = {
				DEBUG_INFORMATION_FORMAT = dwarf;
				INFOPLIST_FILE = 2carsUITests/Info.plist;
				LD_RUNPATH_SEARCH_PATHS = "$(inherited) @executable_path/Frameworks @loader_path/Frameworks";
				PRODUCT_BUNDLE_IDENTIFIER = "com.pranav.-carsUITests";
				PRODUCT_NAME = "$(TARGET_NAME)";
				TEST_TARGET_NAME = 2cars;
				USES_XCTRUNNER = YES;
			};
			name = Debug;
		};
		3DE88FFF1CE3C2BD002DF8AB /* Release */ = {
			isa = XCBuildConfiguration;
			buildSettings = {
				INFOPLIST_FILE = 2carsUITests/Info.plist;
				LD_RUNPATH_SEARCH_PATHS = "$(inherited) @executable_path/Frameworks @loader_path/Frameworks";
				PRODUCT_BUNDLE_IDENTIFIER = "com.pranav.-carsUITests";
				PRODUCT_NAME = "$(TARGET_NAME)";
				TEST_TARGET_NAME = 2cars;
				USES_XCTRUNNER = YES;
			};
			name = Release;
		};
/* End XCBuildConfiguration section */

/* Begin XCConfigurationList section */
		3DE88FC01CE3C2BD002DF8AB /* Build configuration list for PBXProject "2cars" */ = {
			isa = XCConfigurationList;
			buildConfigurations = (
				3DE88FF51CE3C2BD002DF8AB /* Debug */,
				3DE88FF61CE3C2BD002DF8AB /* Release */,
			);
			defaultConfigurationIsVisible = 0;
			defaultConfigurationName = Release;
		};
		3DE88FF71CE3C2BD002DF8AB /* Build configuration list for PBXNativeTarget "2cars" */ = {
			isa = XCConfigurationList;
			buildConfigurations = (
				3DE88FF81CE3C2BD002DF8AB /* Debug */,
				3DE88FF91CE3C2BD002DF8AB /* Release */,
			);
			defaultConfigurationIsVisible = 0;
			defaultConfigurationName = Release;
		};
		3DE88FFA1CE3C2BD002DF8AB /* Build configuration list for PBXNativeTarget "2carsTests" */ = {
			isa = XCConfigurationList;
			buildConfigurations = (
				3DE88FFB1CE3C2BD002DF8AB /* Debug */,
				3DE88FFC1CE3C2BD002DF8AB /* Release */,
			);
			defaultConfigurationIsVisible = 0;
			defaultConfigurationName = Release;
		};
		3DE88FFD1CE3C2BD002DF8AB /* Build configuration list for PBXNativeTarget "2carsUITests" */ = {
			isa = XCConfigurationList;
			buildConfigurations = (
				3DE88FFE1CE3C2BD002DF8AB /* Debug */,
				3DE88FFF1CE3C2BD002DF8AB /* Release */,
			);
			defaultConfigurationIsVisible = 0;
			defaultConfigurationName = Release;
		};
/* End XCConfigurationList section */
	};
	rootObject = 3DE88FBD1CE3C2BD002DF8AB /* Project object */;
}
